
Microsoft Visual Studio Solution File, Format Version 12.00
# Visual Studio Version 17
VisualStudioVersion = 17.5.33516.290
MinimumVisualStudioVersion = 10.0.40219.1
Project("{FAE04EC0-301F-11D3-BF4B-00C04F79EFBC}") = "Kalkulator", "CSCourse\Kalkulator.csproj", "{7F52ED86-13B1-4A52-A11E-072B9111F6DB}"
EndProject
Global
	GlobalSection(SolutionConfigurationPlatforms) = preSolution
		Debug|Any CPU = Debug|Any CPU
		Release|Any CPU = Release|Any CPU
	EndGlobalSection
	GlobalSection(ProjectConfigurationPlatforms) = postSolution
		{7F52ED86-13B1-4A52-A11E-072B9111F6DB}.Debug|Any CPU.ActiveCfg = Debug|Any CPU
		{7F52ED86-13B1-4A52-A11E-072B9111F6DB}.Debug|Any CPU.Build.0 = Debug|Any CPU
		{7F52ED86-13B1-4A52-A11E-072B9111F6DB}.Release|Any CPU.ActiveCfg = Release|Any CPU
		{7F52ED86-13B1-4A52-A11E-072B9111F6DB}.Release|Any CPU.Build.0 = Release|Any CPU
	EndGlobalSection
	GlobalSection(SolutionProperties) = preSolution
		HideSolutionNode = FALSE
	EndGlobalSection
	GlobalSection(ExtensibilityGlobals) = postSolution
		SolutionGuid = {DF1095E0-D4A1-461C-9D83-B858E3C2A501}
	EndGlobalSection
EndGlobal
